
Microsoft Visual Studio Solution File, Format Version 12.00
# Visual Studio 15
VisualStudioVersion = 15.0.26730.16
MinimumVisualStudioVersion = 10.0.40219.1
Project("{FAE04EC0-301F-11D3-BF4B-00C04F79EFBC}") = "WindPi", "WindPi\WindPi.csproj", "{07975D7F-C923-4718-B593-A7F33BE8B455}"
EndProject
Project("{FAE04EC0-301F-11D3-BF4B-00C04F79EFBC}") = "WindConsole", "WindConsole\WindConsole.csproj", "{7A2C19D4-9A95-46C4-9E6A-F92515F76204}"
EndProject
Global
	GlobalSection(SolutionConfigurationPlatforms) = preSolution
		Debug|Any CPU = Debug|Any CPU
		Debug|ARM = Debug|ARM
		Debug|x64 = Debug|x64
		Debug|x86 = Debug|x86
		Release|Any CPU = Release|Any CPU
		Release|ARM = Release|ARM
		Release|x64 = Release|x64
		Release|x86 = Release|x86
	EndGlobalSection
	GlobalSection(ProjectConfigurationPlatforms) = postSolution
		{07975D7F-C923-4718-B593-A7F33BE8B455}.Debug|Any CPU.ActiveCfg = Debug|ARM
		{07975D7F-C923-4718-B593-A7F33BE8B455}.Debug|Any CPU.Build.0 = Debug|ARM
		{07975D7F-C923-4718-B593-A7F33BE8B455}.Debug|Any CPU.Deploy.0 = Debug|ARM
		{07975D7F-C923-4718-B593-A7F33BE8B455}.Debug|ARM.ActiveCfg = Debug|ARM
		{07975D7F-C923-4718-B593-A7F33BE8B455}.Debug|ARM.Build.0 = Debug|ARM
		{07975D7F-C923-4718-B593-A7F33BE8B455}.Debug|ARM.Deploy.0 = Debug|ARM
		{07975D7F-C923-4718-B593-A7F33BE8B455}.Debug|x64.ActiveCfg = Debug|x64
		{07975D7F-C923-4718-B593-A7F33BE8B455}.Debug|x64.Build.0 = Debug|x64
		{07975D7F-C923-4718-B593-A7F33BE8B455}.Debug|x64.Deploy.0 = Debug|x64
		{07975D7F-C923-4718-B593-A7F33BE8B455}.Debug|x86.ActiveCfg = Debug|x86
		{07975D7F-C923-4718-B593-A7F33BE8B455}.Debug|x86.Build.0 = Debug|x86
		{07975D7F-C923-4718-B593-A7F33BE8B455}.Debug|x86.Deploy.0 = Debug|x86
		{07975D7F-C923-4718-B593-A7F33BE8B455}.Release|Any CPU.ActiveCfg = Release|x86
		{07975D7F-C923-4718-B593-A7F33BE8B455}.Release|ARM.ActiveCfg = Release|ARM
		{07975D7F-C923-4718-B593-A7F33BE8B455}.Release|ARM.Build.0 = Release|ARM
		{07975D7F-C923-4718-B593-A7F33BE8B455}.Release|ARM.Deploy.0 = Release|ARM
		{07975D7F-C923-4718-B593-A7F33BE8B455}.Release|x64.ActiveCfg = Release|x64
		{07975D7F-C923-4718-B593-A7F33BE8B455}.Release|x64.Build.0 = Release|x64
		{07975D7F-C923-4718-B593-A7F33BE8B455}.Release|x64.Deploy.0 = Release|x64
		{07975D7F-C923-4718-B593-A7F33BE8B455}.Release|x86.ActiveCfg = Release|x86
		{07975D7F-C923-4718-B593-A7F33BE8B455}.Release|x86.Build.0 = Release|x86
		{07975D7F-C923-4718-B593-A7F33BE8B455}.Release|x86.Deploy.0 = Release|x86
		{7A2C19D4-9A95-46C4-9E6A-F92515F76204}.Debug|Any CPU.ActiveCfg = Debug|Any CPU
		{7A2C19D4-9A95-46C4-9E6A-F92515F76204}.Debug|Any CPU.Build.0 = Debug|Any CPU
		{7A2C19D4-9A95-46C4-9E6A-F92515F76204}.Debug|ARM.ActiveCfg = Debug|Any CPU
		{7A2C19D4-9A95-46C4-9E6A-F92515F76204}.Debug|ARM.Build.0 = Debug|Any CPU
		{7A2C19D4-9A95-46C4-9E6A-F92515F76204}.Debug|x64.ActiveCfg = Debug|Any CPU
		{7A2C19D4-9A95-46C4-9E6A-F92515F76204}.Debug|x64.Build.0 = Debug|Any CPU
		{7A2C19D4-9A95-46C4-9E6A-F92515F76204}.Debug|x86.ActiveCfg = Debug|Any CPU
		{7A2C19D4-9A95-46C4-9E6A-F92515F76204}.Debug|x86.Build.0 = Debug|Any CPU
		{7A2C19D4-9A95-46C4-9E6A-F92515F76204}.Release|Any CPU.ActiveCfg = Release|Any CPU
		{7A2C19D4-9A95-46C4-9E6A-F92515F76204}.Release|Any CPU.Build.0 = Release|Any CPU
		{7A2C19D4-9A95-46C4-9E6A-F92515F76204}.Release|ARM.ActiveCfg = Release|Any CPU
		{7A2C19D4-9A95-46C4-9E6A-F92515F76204}.Release|ARM.Build.0 = Release|Any CPU
		{7A2C19D4-9A95-46C4-9E6A-F92515F76204}.Release|x64.ActiveCfg = Release|Any CPU
		{7A2C19D4-9A95-46C4-9E6A-F92515F76204}.Release|x64.Build.0 = Release|Any CPU
		{7A2C19D4-9A95-46C4-9E6A-F92515F76204}.Release|x86.ActiveCfg = Release|Any CPU
		{7A2C19D4-9A95-46C4-9E6A-F92515F76204}.Release|x86.Build.0 = Release|Any CPU
	EndGlobalSection
	GlobalSection(SolutionProperties) = preSolution
		HideSolutionNode = FALSE
	EndGlobalSection
	GlobalSection(ExtensibilityGlobals) = postSolution
		SolutionGuid = {CD3774F2-2A1C-45EE-8F21-57E6900A41B5}
	EndGlobalSection
EndGlobal
